
Microsoft Visual Studio Solution File, Format Version 12.00
# Visual Studio Version 16
VisualStudioVersion = 16.0.30225.117
MinimumVisualStudioVersion = 10.0.40219.1
Project("{F184B08F-C81C-45F6-A57F-5ABD9991F28F}") = "WGDPS Launcher", "WGDPS Launcher.vbproj", "{827CDA6A-1F01-4957-BA0E-2CD628408D8A}"
EndProject
Global
	GlobalSection(SolutionConfigurationPlatforms) = preSolution
		Debug|Any CPU = Debug|Any CPU
		Release|Any CPU = Release|Any CPU
	EndGlobalSection
	GlobalSection(ProjectConfigurationPlatforms) = postSolution
		{827CDA6A-1F01-4957-BA0E-2CD628408D8A}.Debug|Any CPU.ActiveCfg = Debug|Any CPU
		{827CDA6A-1F01-4957-BA0E-2CD628408D8A}.Debug|Any CPU.Build.0 = Debug|Any CPU
		{827CDA6A-1F01-4957-BA0E-2CD628408D8A}.Release|Any CPU.ActiveCfg = Release|Any CPU
		{827CDA6A-1F01-4957-BA0E-2CD628408D8A}.Release|Any CPU.Build.0 = Release|Any CPU
	EndGlobalSection
	GlobalSection(SolutionProperties) = preSolution
		HideSolutionNode = FALSE
	EndGlobalSection
	GlobalSection(ExtensibilityGlobals) = postSolution
		SolutionGuid = {93DC4CCF-CA59-41BD-A6C0-2E0A2516D54C}
	EndGlobalSection
EndGlobal
